// !$*UTF8*$!
{
	archiveVersion = 1;
	classes = {
	};
	objectVersion = 48;
	objects = {

/* Begin PBXBuildFile section */
		2A0C2B111FE427CB004856EA /* coinTestViewController.swift in Sources */ = {isa = PBXBuildFile; fileRef = 2A0C2B101FE427CB004856EA /* coinTestViewController.swift */; };
		2A54F9301FC45BA40021B505 /* AppDelegate.swift in Sources */ = {isa = PBXBuildFile; fileRef = 2A54F92F1FC45BA40021B505 /* AppDelegate.swift */; };
		2A54F9321FC45BA40021B505 /* ViewController.swift in Sources */ = {isa = PBXBuildFile; fileRef = 2A54F9311FC45BA40021B505 /* ViewController.swift */; };
		2A54F9351FC45BA40021B505 /* Main.storyboard in Resources */ = {isa = PBXBuildFile; fileRef = 2A54F9331FC45BA40021B505 /* Main.storyboard */; };
		2A54F9371FC45BA40021B505 /* Assets.xcassets in Resources */ = {isa = PBXBuildFile; fileRef = 2A54F9361FC45BA40021B505 /* Assets.xcassets */; };
		2A54F93A1FC45BA40021B505 /* LaunchScreen.storyboard in Resources */ = {isa = PBXBuildFile; fileRef = 2A54F9381FC45BA40021B505 /* LaunchScreen.storyboard */; };
		2A9D11021FC86797000063A8 /* StartViewController.swift in Sources */ = {isa = PBXBuildFile; fileRef = 2A9D11011FC86797000063A8 /* StartViewController.swift */; };
/* End PBXBuildFile section */

/* Begin PBXFileReference section */
		2A0C2B101FE427CB004856EA /* coinTestViewController.swift */ = {isa = PBXFileReference; lastKnownFileType = sourcecode.swift; path = coinTestViewController.swift; sourceTree = "<group>"; };
		2A54F92C1FC45BA40021B505 /* Ryo03.app */ = {isa = PBXFileReference; explicitFileType = wrapper.application; includeInIndex = 0; path = Ryo03.app; sourceTree = BUILT_PRODUCTS_DIR; };
		2A54F92F1FC45BA40021B505 /* AppDelegate.swift */ = {isa = PBXFileReference; lastKnownFileType = sourcecode.swift; path = AppDelegate.swift; sourceTree = "<group>"; };
		2A54F9311FC45BA40021B505 /* ViewController.swift */ = {isa = PBXFileReference; lastKnownFileType = sourcecode.swift; path = ViewController.swift; sourceTree = "<group>"; };
		2A54F9341FC45BA40021B505 /* Base */ = {isa = PBXFileReference; lastKnownFileType = file.storyboard; name = Base; path = Base.lproj/Main.storyboard; sourceTree = "<group>"; };
		2A54F9361FC45BA40021B505 /* Assets.xcassets */ = {isa = PBXFileReference; lastKnownFileType = folder.assetcatalog; path = Assets.xcassets; sourceTree = "<group>"; };
		2A54F9391FC45BA40021B505 /* Base */ = {isa = PBXFileReference; lastKnownFileType = file.storyboard; name = Base; path = Base.lproj/LaunchScreen.storyboard; sourceTree = "<group>"; };
		2A54F93B1FC45BA40021B505 /* Info.plist */ = {isa = PBXFileReference; lastKnownFileType = text.plist.xml; path = Info.plist; sourceTree = "<group>"; };
		2A9D11011FC86797000063A8 /* StartViewController.swift */ = {isa = PBXFileReference; lastKnownFileType = sourcecode.swift; path = StartViewController.swift; sourceTree = "<group>"; };
/* End PBXFileReference section */

/* Begin PBXFrameworksBuildPhase section */
		2A54F9291FC45BA40021B505 /* Frameworks */ = {
			isa = PBXFrameworksBuildPhase;
			buildActionMask = 2147483647;
			files = (
			);
			runOnlyForDeploymentPostprocessing = 0;
		};
/* End PBXFrameworksBuildPhase section */

/* Begin PBXGroup section */
		2A54F9231FC45BA40021B505 = {
			isa = PBXGroup;
			children = (
				2A54F92E1FC45BA40021B505 /* Ryo03 */,
				2A54F92D1FC45BA40021B505 /* Products */,
			);
			sourceTree = "<group>";
		};
		2A54F92D1FC45BA40021B505 /* Products */ = {
			isa = PBXGroup;
			children = (
				2A54F92C1FC45BA40021B505 /* Ryo03.app */,
			);
			name = Products;
			sourceTree = "<group>";
		};
		2A54F92E1FC45BA40021B505 /* Ryo03 */ = {
			isa = PBXGroup;
			children = (
				2A54F92F1FC45BA40021B505 /* AppDelegate.swift */,
				2A54F9311FC45BA40021B505 /* ViewController.swift */,
				2A9D11011FC86797000063A8 /* StartViewController.swift */,
				2A0C2B101FE427CB004856EA /* coinTestViewController.swift */,
				2A54F9331FC45BA40021B505 /* Main.storyboard */,
				2A54F9361FC45BA40021B505 /* Assets.xcassets */,
				2A54F9381FC45BA40021B505 /* LaunchScreen.storyboard */,
				2A54F93B1FC45BA40021B505 /* Info.plist */,
			);
			path = Ryo03;
			sourceTree = "<group>";
		};
/* End PBXGroup section */

/* Begin PBXNativeTarget section */
		2A54F92B1FC45BA40021B505 /* Ryo03 */ = {
			isa = PBXNativeTarget;
			buildConfigurationList = 2A54F93E1FC45BA40021B505 /* Build configuration list for PBXNativeTarget "Ryo03" */;
			buildPhases = (
				2A54F9281FC45BA40021B505 /* Sources */,
				2A54F9291FC45BA40021B505 /* Frameworks */,
				2A54F92A1FC45BA40021B505 /* Resources */,
			);
			buildRules = (
			);
			dependencies = (
			);
			name = Ryo03;
			productName = Ryo03;
			productReference = 2A54F92C1FC45BA40021B505 /* Ryo03.app */;
			productType = "com.apple.product-type.application";
		};
/* End PBXNativeTarget section */

/* Begin PBXProject section */
		2A54F9241FC45BA40021B505 /* Project object */ = {
			isa = PBXProject;
			attributes = {
				LastSwiftUpdateCheck = 0910;
				LastUpgradeCheck = 0910;
				ORGANIZATIONNAME = Ryo;
				TargetAttributes = {
					2A54F92B1FC45BA40021B505 = {
						CreatedOnToolsVersion = 9.1;
						ProvisioningStyle = Automatic;
					};
				};
			};
			buildConfigurationList = 2A54F9271FC45BA40021B505 /* Build configuration list for PBXProject "Ryo03" */;
			compatibilityVersion = "Xcode 8.0";
			developmentRegion = en;
			hasScannedForEncodings = 0;
			knownRegions = (
				en,
				Base,
			);
			mainGroup = 2A54F9231FC45BA40021B505;
			productRefGroup = 2A54F92D1FC45BA40021B505 /* Products */;
			projectDirPath = "";
			projectRoot = "";
			targets = (
				2A54F92B1FC45BA40021B505 /* Ryo03 */,
			);
		};
/* End PBXProject section */

/* Begin PBXResourcesBuildPhase section */
		2A54F92A1FC45BA40021B505 /* Resources */ = {
			isa = PBXResourcesBuildPhase;
			buildActionMask = 2147483647;
			files = (
				2A54F93A1FC45BA40021B505 /* LaunchScreen.storyboard in Resources */,
				2A54F9371FC45BA40021B505 /* Assets.xcassets in Resources */,
				2A54F9351FC45BA40021B505 /* Main.storyboard in Resources */,
			);
			runOnlyForDeploymentPostprocessing = 0;
		};
/* End PBXResourcesBuildPhase section */

/* Begin PBXSourcesBuildPhase section */
		2A54F9281FC45BA40021B505 /* Sources */ = {
			isa = PBXSourcesBuildPhase;
			buildActionMask = 2147483647;
			files = (
				2A54F9321FC45BA40021B505 /* ViewController.swift in Sources */,
				2A54F9301FC45BA40021B505 /* AppDelegate.swift in Sources */,
				2A9D11021FC86797000063A8 /* StartViewController.swift in Sources */,
				2A0C2B111FE427CB004856EA /* coinTestViewController.swift in Sources */,
			);
			runOnlyForDeploymentPostprocessing = 0;
		};
/* End PBXSourcesBuildPhase section */

/* Begin PBXVariantGroup section */
		2A54F9331FC45BA40021B505 /* Main.storyboard */ = {
			isa = PBXVariantGroup;
			children = (
				2A54F9341FC45BA40021B505 /* Base */,
			);
			name = Main.storyboard;
			sourceTree = "<group>";
		};
		2A54F9381FC45BA40021B505 /* LaunchScreen.storyboard */ = {
			isa = PBXVariantGroup;
			children = (
				2A54F9391FC45BA40021B505 /* Base */,
			);
			name = LaunchScreen.storyboard;
			sourceTree = "<group>";
		};
/* End PBXVariantGroup section */

/* Begin XCBuildConfiguration section */
		2A54F93C1FC45BA40021B505 /* Debug */ = {
			isa = XCBuildConfiguration;
			buildSettings = {
				ALWAYS_SEARCH_USER_PATHS = NO;
				CLANG_ANALYZER_NONNULL = YES;
				CLANG_ANALYZER_NUMBER_OBJECT_CONVERSION = YES_AGGRESSIVE;
				CLANG_CXX_LANGUAGE_STANDARD = "gnu++14";
				CLANG_CXX_LIBRARY = "libc++";
				CLANG_ENABLE_MODULES = YES;
				CLANG_ENABLE_OBJC_ARC = YES;
				CLANG_WARN_BLOCK_CAPTURE_AUTORELEASING = YES;
				CLANG_WARN_BOOL_CONVERSION = YES;
				CLANG_WARN_COMMA = YES;
				CLANG_WARN_CONSTANT_CONVERSION = YES;
				CLANG_WARN_DIRECT_OBJC_ISA_USAGE = YES_ERROR;
				CLANG_WARN_DOCUMENTATION_COMMENTS = YES;
				CLANG_WARN_EMPTY_BODY = YES;
				CLANG_WARN_ENUM_CONVERSION = YES;
				CLANG_WARN_INFINITE_RECURSION = YES;
				CLANG_WARN_INT_CONVERSION = YES;
				CLANG_WARN_NON_LITERAL_NULL_CONVERSION = YES;
				CLANG_WARN_OBJC_LITERAL_CONVERSION = YES;
				CLANG_WARN_OBJC_ROOT_CLASS = YES_ERROR;
				CLANG_WARN_RANGE_LOOP_ANALYSIS = YES;
				CLANG_WARN_STRICT_PROTOTYPES = YES;
				CLANG_WARN_SUSPICIOUS_MOVE = YES;
				CLANG_WARN_UNGUARDED_AVAILABILITY = YES_AGGRESSIVE;
				CLANG_WARN_UNREACHABLE_CODE = YES;
				CLANG_WARN__DUPLICATE_METHOD_MATCH = YES;
				CODE_SIGN_IDENTITY = "iPhone Developer";
				COPY_PHASE_STRIP = NO;
				DEBUG_INFORMATION_FORMAT = dwarf;
				ENABLE_STRICT_OBJC_MSGSEND = YES;
				ENABLE_TESTABILITY = YES;
				GCC_C_LANGUAGE_STANDARD = gnu11;
				GCC_DYNAMIC_NO_PIC = NO;
				GCC_NO_COMMON_BLOCKS = YES;
				GCC_OPTIMIZATION_LEVEL = 0;
				GCC_PREPROCESSOR_DEFINITIONS = (
					"DEBUG=1",
					"$(inherited)",
				);
				GCC_WARN_64_TO_32_BIT_CONVERSION = YES;
				GCC_WARN_ABOUT_RETURN_TYPE = YES_ERROR;
				GCC_WARN_UNDECLARED_SELECTOR = YES;
				GCC_WARN_UNINITIALIZED_AUTOS = YES_AGGRESSIVE;
				GCC_WARN_UNUSED_FUNCTION = YES;
				GCC_WARN_UNUSED_VARIABLE = YES;
				IPHONEOS_DEPLOYMENT_TARGET = 11.1;
				MTL_ENABLE_DEBUG_INFO = YES;
				ONLY_ACTIVE_ARCH = YES;
				SDKROOT = iphoneos;
				SWIFT_ACTIVE_COMPILATION_CONDITIONS = DEBUG;
				SWIFT_OPTIMIZATION_LEVEL = "-Onone";
			};
			name = Debug;
		};
		2A54F93D1FC45BA40021B505 /* Release */ = {
			isa = XCBuildConfiguration;
			buildSettings = {
				ALWAYS_SEARCH_USER_PATHS = NO;
				CLANG_ANALYZER_NONNULL = YES;
				CLANG_ANALYZER_NUMBER_OBJECT_CONVERSION = YES_AGGRESSIVE;
				CLANG_CXX_LANGUAGE_STANDARD = "gnu++14";
				CLANG_CXX_LIBRARY = "libc++";
				CLANG_ENABLE_MODULES = YES;
				CLANG_ENABLE_OBJC_ARC = YES;
				CLANG_WARN_BLOCK_CAPTURE_AUTORELEASING = YES;
				CLANG_WARN_BOOL_CONVERSION = YES;
				CLANG_WARN_COMMA = YES;
				CLANG_WARN_CONSTANT_CONVERSION = YES;
				CLANG_WARN_DIRECT_OBJC_ISA_USAGE = YES_ERROR;
				CLANG_WARN_DOCUMENTATION_COMMENTS = YES;
				CLANG_WARN_EMPTY_BODY = YES;
				CLANG_WARN_ENUM_CONVERSION = YES;
				CLANG_WARN_INFINITE_RECURSION = YES;
				CLANG_WARN_INT_CONVERSION = YES;
				CLANG_WARN_NON_LITERAL_NULL_CONVERSION = YES;
				CLANG_WARN_OBJC_LITERAL_CONVERSION = YES;
				CLANG_WARN_OBJC_ROOT_CLASS = YES_ERROR;
				CLANG_WARN_RANGE_LOOP_ANALYSIS = YES;
				CLANG_WARN_STRICT_PROTOTYPES = YES;
				CLANG_WARN_SUSPICIOUS_MOVE = YES;
				CLANG_WARN_UNGUARDED_AVAILABILITY = YES_AGGRESSIVE;
				CLANG_WARN_UNREACHABLE_CODE = YES;
				CLANG_WARN__DUPLICATE_METHOD_MATCH = YES;
				CODE_SIGN_IDENTITY = "iPhone Developer";
				COPY_PHASE_STRIP = NO;
				DEBUG_INFORMATION_FORMAT = "dwarf-with-dsym";
				ENABLE_NS_ASSERTIONS = NO;
				ENABLE_STRICT_OBJC_MSGSEND = YES;
				GCC_C_LANGUAGE_STANDARD = gnu11;
				GCC_NO_COMMON_BLOCKS = YES;
				GCC_WARN_64_TO_32_BIT_CONVERSION = YES;
				GCC_WARN_ABOUT_RETURN_TYPE = YES_ERROR;
				GCC_WARN_UNDECLARED_SELECTOR = YES;
				GCC_WARN_UNINITIALIZED_AUTOS = YES_AGGRESSIVE;
				GCC_WARN_UNUSED_FUNCTION = YES;
				GCC_WARN_UNUSED_VARIABLE = YES;
				IPHONEOS_DEPLOYMENT_TARGET = 11.1;
				MTL_ENABLE_DEBUG_INFO = NO;
				SDKROOT = iphoneos;
				SWIFT_OPTIMIZATION_LEVEL = "-Owholemodule";
				VALIDATE_PRODUCT = YES;
			};
			name = Release;
		};
		2A54F93F1FC45BA40021B505 /* Debug */ = {
			isa = XCBuildConfiguration;
			buildSettings = {
				ASSETCATALOG_COMPILER_APPICON_NAME = AppIcon;
				CODE_SIGN_STYLE = Automatic;
				DEVELOPMENT_TEAM = L5J83S5PNP;
				INFOPLIST_FILE = Ryo03/Info.plist;
				LD_RUNPATH_SEARCH_PATHS = "$(inherited) @executable_path/Frameworks";
				PRODUCT_BUNDLE_IDENTIFIER = Yuan.Ryo03;
				PRODUCT_NAME = "$(TARGET_NAME)";
				SWIFT_VERSION = 4.0;
				TARGETED_DEVICE_FAMILY = "1,2";
			};
			name = Debug;
		};
		2A54F9401FC45BA40021B505 /* Release */ = {
			isa = XCBuildConfiguration;
			buildSettings = {
				ASSETCATALOG_COMPILER_APPICON_NAME = AppIcon;
				CODE_SIGN_STYLE = Automatic;
				DEVELOPMENT_TEAM = L5J83S5PNP;
				INFOPLIST_FILE = Ryo03/Info.plist;
				LD_RUNPATH_SEARCH_PATHS = "$(inherited) @executable_path/Frameworks";
				PRODUCT_BUNDLE_IDENTIFIER = Yuan.Ryo03;
				PRODUCT_NAME = "$(TARGET_NAME)";
				SWIFT_VERSION = 4.0;
				TARGETED_DEVICE_FAMILY = "1,2";
			};
			name = Release;
		};
/* End XCBuildConfiguration section */

/* Begin XCConfigurationList section */
		2A54F9271FC45BA40021B505 /* Build configuration list for PBXProject "Ryo03" */ = {
			isa = XCConfigurationList;
			buildConfigurations = (
				2A54F93C1FC45BA40021B505 /* Debug */,
				2A54F93D1FC45BA40021B505 /* Release */,
			);
			defaultConfigurationIsVisible = 0;
			defaultConfigurationName = Release;
		};
		2A54F93E1FC45BA40021B505 /* Build configuration list for PBXNativeTarget "Ryo03" */ = {
			isa = XCConfigurationList;
			buildConfigurations = (
				2A54F93F1FC45BA40021B505 /* Debug */,
				2A54F9401FC45BA40021B505 /* Release */,
			);
			defaultConfigurationIsVisible = 0;
			defaultConfigurationName = Release;
		};
/* End XCConfigurationList section */
	};
	rootObject = 2A54F9241FC45BA40021B505 /* Project object */;
}
